// !$*UTF8*$!
{
	archiveVersion = 1;
	classes = {
	};
	objectVersion = 52;
	objects = {

/* Begin PBXBuildFile section */
		7A16455226D8F29F008CFC04 /* TermsOfServiceView.swift in Sources */ = {isa = PBXBuildFile; fileRef = 7A16455126D8F29F008CFC04 /* TermsOfServiceView.swift */; };
		7A208C9026E6F750004F1B5B /* FirebaseRDBClientError.swift in Sources */ = {isa = PBXBuildFile; fileRef = 7A208C8F26E6F750004F1B5B /* FirebaseRDBClientError.swift */; };
		7A208C9226E6F775004F1B5B /* FirebaseRDBClient.swift in Sources */ = {isa = PBXBuildFile; fileRef = 7A208C9126E6F775004F1B5B /* FirebaseRDBClient.swift */; };
		7A208C9426E6F7A1004F1B5B /* FirebaseDataResponse.swift in Sources */ = {isa = PBXBuildFile; fileRef = 7A208C9326E6F7A1004F1B5B /* FirebaseDataResponse.swift */; };
		7A25000126D3E62E009837AA /* SignInWithGoogleButton.swift in Sources */ = {isa = PBXBuildFile; fileRef = 7A25000026D3E62E009837AA /* SignInWithGoogleButton.swift */; };
		7A25000D26D3EC6C009837AA /* GoogleService-Info.plist in Resources */ = {isa = PBXBuildFile; fileRef = 7A25000C26D3EC6C009837AA /* GoogleService-Info.plist */; };
		7A25FFD626D3D7E5009837AA /* Oboegaki_iOSApp.swift in Sources */ = {isa = PBXBuildFile; fileRef = 7A25FFD526D3D7E5009837AA /* Oboegaki_iOSApp.swift */; };
		7A25FFD826D3D7E5009837AA /* StartupView.swift in Sources */ = {isa = PBXBuildFile; fileRef = 7A25FFD726D3D7E5009837AA /* StartupView.swift */; };
		7A25FFDA26D3D7E6009837AA /* Assets.xcassets in Resources */ = {isa = PBXBuildFile; fileRef = 7A25FFD926D3D7E6009837AA /* Assets.xcassets */; };
		7A25FFDD26D3D7E6009837AA /* Preview Assets.xcassets in Resources */ = {isa = PBXBuildFile; fileRef = 7A25FFDC26D3D7E6009837AA /* Preview Assets.xcassets */; };
		7A25FFED26D3E538009837AA /* ViewModelObject.swift in Sources */ = {isa = PBXBuildFile; fileRef = 7A25FFEC26D3E538009837AA /* ViewModelObject.swift */; };
		7A25FFEF26D3E5A5009837AA /* LoginView.swift in Sources */ = {isa = PBXBuildFile; fileRef = 7A25FFEE26D3E5A5009837AA /* LoginView.swift */; };
		7A25FFF326D3E5D7009837AA /* HomeView.swift in Sources */ = {isa = PBXBuildFile; fileRef = 7A25FFF226D3E5D7009837AA /* HomeView.swift */; };
		7A25FFF526D3E5E7009837AA /* LoadingView.swift in Sources */ = {isa = PBXBuildFile; fileRef = 7A25FFF426D3E5E7009837AA /* LoadingView.swift */; };
		7A25FFF726D3E5F3009837AA /* StartupViewModel.swift in Sources */ = {isa = PBXBuildFile; fileRef = 7A25FFF626D3E5F3009837AA /* StartupViewModel.swift */; };
		7A25FFF926D3E5FC009837AA /* LoginViewModel.swift in Sources */ = {isa = PBXBuildFile; fileRef = 7A25FFF826D3E5FC009837AA /* LoginViewModel.swift */; };
		7A25FFFD26D3E60F009837AA /* HomeViewModel.swift in Sources */ = {isa = PBXBuildFile; fileRef = 7A25FFFC26D3E60F009837AA /* HomeViewModel.swift */; };
		7A25FFFF26D3E622009837AA /* SingInWithAppleButton.swift in Sources */ = {isa = PBXBuildFile; fileRef = 7A25FFFE26D3E622009837AA /* SingInWithAppleButton.swift */; };
		7A3DEDC026E2FFD900E7C0B9 /* PrivacyPolicyView.swift in Sources */ = {isa = PBXBuildFile; fileRef = 7A3DEDBF26E2FFD900E7C0B9 /* PrivacyPolicyView.swift */; };
		7A3DEDD026E32BE300E7C0B9 /* SettingView.swift in Sources */ = {isa = PBXBuildFile; fileRef = 7A3DEDCF26E32BE300E7C0B9 /* SettingView.swift */; };
		7A3DEDD226E32BF000E7C0B9 /* SettingViewModel.swift in Sources */ = {isa = PBXBuildFile; fileRef = 7A3DEDD126E32BF000E7C0B9 /* SettingViewModel.swift */; };
		7A3DEDD426E3A2CA00E7C0B9 /* TabBarView.swift in Sources */ = {isa = PBXBuildFile; fileRef = 7A3DEDD326E3A2CA00E7C0B9 /* TabBarView.swift */; };
		7A3DEDD826E4F82E00E7C0B9 /* CreateToDoView.swift in Sources */ = {isa = PBXBuildFile; fileRef = 7A3DEDD726E4F82E00E7C0B9 /* CreateToDoView.swift */; };
		7A3DEDDA26E4F86D00E7C0B9 /* CreateToDoViewModel.swift in Sources */ = {isa = PBXBuildFile; fileRef = 7A3DEDD926E4F86D00E7C0B9 /* CreateToDoViewModel.swift */; };
		7A40006B26EF9E8C00900B1E /* UserDefaultsClient.swift in Sources */ = {isa = PBXBuildFile; fileRef = 7A40006A26EF9E8C00900B1E /* UserDefaultsClient.swift */; };
		7A41E86626E04B470060DD78 /* CalendarView.swift in Sources */ = {isa = PBXBuildFile; fileRef = 7A41E86526E04B470060DD78 /* CalendarView.swift */; };
		7A81F3F126ECE80E00467DA0 /* FirebaseAnalytics in Frameworks */ = {isa = PBXBuildFile; productRef = 7A81F3F026ECE80E00467DA0 /* FirebaseAnalytics */; };
		7A81F3F326ECE80E00467DA0 /* FirebaseCrashlytics in Frameworks */ = {isa = PBXBuildFile; productRef = 7A81F3F226ECE80E00467DA0 /* FirebaseCrashlytics */; };
		7A81F3F526ECE80E00467DA0 /* FirebaseAuth in Frameworks */ = {isa = PBXBuildFile; productRef = 7A81F3F426ECE80E00467DA0 /* FirebaseAuth */; };
		7A81F3F726ECE80E00467DA0 /* FirebaseDynamicLinks in Frameworks */ = {isa = PBXBuildFile; productRef = 7A81F3F626ECE80E00467DA0 /* FirebaseDynamicLinks */; };
		7A81F3F926ECE80E00467DA0 /* FirebaseDatabase in Frameworks */ = {isa = PBXBuildFile; productRef = 7A81F3F826ECE80E00467DA0 /* FirebaseDatabase */; };
		7A81F3FC26ECE82A00467DA0 /* GoogleSignIn in Frameworks */ = {isa = PBXBuildFile; productRef = 7A81F3FB26ECE82A00467DA0 /* GoogleSignIn */; };
		7A81F3FE26EF412E00467DA0 /* FirebaseAuthClient.swift in Sources */ = {isa = PBXBuildFile; fileRef = 7A81F3FD26EF412E00467DA0 /* FirebaseAuthClient.swift */; };
		7A81F40026EF413E00467DA0 /* FirebaseAuthClientError.swift in Sources */ = {isa = PBXBuildFile; fileRef = 7A81F3FF26EF413E00467DA0 /* FirebaseAuthClientError.swift */; };
/* End PBXBuildFile section */

/* Begin PBXFileReference section */
		7A16455126D8F29F008CFC04 /* TermsOfServiceView.swift */ = {isa = PBXFileReference; lastKnownFileType = sourcecode.swift; path = TermsOfServiceView.swift; sourceTree = "<group>"; };
		7A208C8F26E6F750004F1B5B /* FirebaseRDBClientError.swift */ = {isa = PBXFileReference; lastKnownFileType = sourcecode.swift; path = FirebaseRDBClientError.swift; sourceTree = "<group>"; };
		7A208C9126E6F775004F1B5B /* FirebaseRDBClient.swift */ = {isa = PBXFileReference; lastKnownFileType = sourcecode.swift; path = FirebaseRDBClient.swift; sourceTree = "<group>"; };
		7A208C9326E6F7A1004F1B5B /* FirebaseDataResponse.swift */ = {isa = PBXFileReference; lastKnownFileType = sourcecode.swift; path = FirebaseDataResponse.swift; sourceTree = "<group>"; };
		7A25000026D3E62E009837AA /* SignInWithGoogleButton.swift */ = {isa = PBXFileReference; lastKnownFileType = sourcecode.swift; path = SignInWithGoogleButton.swift; sourceTree = "<group>"; };
		7A25000C26D3EC6C009837AA /* GoogleService-Info.plist */ = {isa = PBXFileReference; fileEncoding = 4; lastKnownFileType = text.plist.xml; path = "GoogleService-Info.plist"; sourceTree = "<group>"; };
		7A25001026D3F193009837AA /* Oboegaki-iOS.entitlements */ = {isa = PBXFileReference; fileEncoding = 4; lastKnownFileType = text.plist.entitlements; path = "Oboegaki-iOS.entitlements"; sourceTree = "<group>"; };
		7A25FFD226D3D7E5009837AA /* Oboegaki-iOS.app */ = {isa = PBXFileReference; explicitFileType = wrapper.application; includeInIndex = 0; path = "Oboegaki-iOS.app"; sourceTree = BUILT_PRODUCTS_DIR; };
		7A25FFD526D3D7E5009837AA /* Oboegaki_iOSApp.swift */ = {isa = PBXFileReference; lastKnownFileType = sourcecode.swift; path = Oboegaki_iOSApp.swift; sourceTree = "<group>"; };
		7A25FFD726D3D7E5009837AA /* StartupView.swift */ = {isa = PBXFileReference; lastKnownFileType = sourcecode.swift; path = StartupView.swift; sourceTree = "<group>"; };
		7A25FFD926D3D7E6009837AA /* Assets.xcassets */ = {isa = PBXFileReference; lastKnownFileType = folder.assetcatalog; path = Assets.xcassets; sourceTree = "<group>"; };
		7A25FFDC26D3D7E6009837AA /* Preview Assets.xcassets */ = {isa = PBXFileReference; lastKnownFileType = folder.assetcatalog; path = "Preview Assets.xcassets"; sourceTree = "<group>"; };
		7A25FFDE26D3D7E6009837AA /* Info.plist */ = {isa = PBXFileReference; lastKnownFileType = text.plist.xml; path = Info.plist; sourceTree = "<group>"; };
		7A25FFEC26D3E538009837AA /* ViewModelObject.swift */ = {isa = PBXFileReference; lastKnownFileType = sourcecode.swift; path = ViewModelObject.swift; sourceTree = "<group>"; };
		7A25FFEE26D3E5A5009837AA /* LoginView.swift */ = {isa = PBXFileReference; lastKnownFileType = sourcecode.swift; path = LoginView.swift; sourceTree = "<group>"; };
		7A25FFF226D3E5D7009837AA /* HomeView.swift */ = {isa = PBXFileReference; lastKnownFileType = sourcecode.swift; path = HomeView.swift; sourceTree = "<group>"; };
		7A25FFF426D3E5E7009837AA /* LoadingView.swift */ = {isa = PBXFileReference; lastKnownFileType = sourcecode.swift; path = LoadingView.swift; sourceTree = "<group>"; };
		7A25FFF626D3E5F3009837AA /* StartupViewModel.swift */ = {isa = PBXFileReference; lastKnownFileType = sourcecode.swift; path = StartupViewModel.swift; sourceTree = "<group>"; };
		7A25FFF826D3E5FC009837AA /* LoginViewModel.swift */ = {isa = PBXFileReference; lastKnownFileType = sourcecode.swift; path = LoginViewModel.swift; sourceTree = "<group>"; };
		7A25FFFC26D3E60F009837AA /* HomeViewModel.swift */ = {isa = PBXFileReference; lastKnownFileType = sourcecode.swift; path = HomeViewModel.swift; sourceTree = "<group>"; };
		7A25FFFE26D3E622009837AA /* SingInWithAppleButton.swift */ = {isa = PBXFileReference; lastKnownFileType = sourcecode.swift; path = SingInWithAppleButton.swift; sourceTree = "<group>"; };
		7A3DEDBF26E2FFD900E7C0B9 /* PrivacyPolicyView.swift */ = {isa = PBXFileReference; lastKnownFileType = sourcecode.swift; path = PrivacyPolicyView.swift; sourceTree = "<group>"; };
		7A3DEDCF26E32BE300E7C0B9 /* SettingView.swift */ = {isa = PBXFileReference; lastKnownFileType = sourcecode.swift; path = SettingView.swift; sourceTree = "<group>"; };
		7A3DEDD126E32BF000E7C0B9 /* SettingViewModel.swift */ = {isa = PBXFileReference; lastKnownFileType = sourcecode.swift; path = SettingViewModel.swift; sourceTree = "<group>"; };
		7A3DEDD326E3A2CA00E7C0B9 /* TabBarView.swift */ = {isa = PBXFileReference; lastKnownFileType = sourcecode.swift; path = TabBarView.swift; sourceTree = "<group>"; };
		7A3DEDD726E4F82E00E7C0B9 /* CreateToDoView.swift */ = {isa = PBXFileReference; lastKnownFileType = sourcecode.swift; path = CreateToDoView.swift; sourceTree = "<group>"; };
		7A3DEDD926E4F86D00E7C0B9 /* CreateToDoViewModel.swift */ = {isa = PBXFileReference; lastKnownFileType = sourcecode.swift; path = CreateToDoViewModel.swift; sourceTree = "<group>"; };
		7A40006A26EF9E8C00900B1E /* UserDefaultsClient.swift */ = {isa = PBXFileReference; lastKnownFileType = sourcecode.swift; path = UserDefaultsClient.swift; sourceTree = "<group>"; };
		7A41E86526E04B470060DD78 /* CalendarView.swift */ = {isa = PBXFileReference; lastKnownFileType = sourcecode.swift; path = CalendarView.swift; sourceTree = "<group>"; };
		7A81F3FD26EF412E00467DA0 /* FirebaseAuthClient.swift */ = {isa = PBXFileReference; lastKnownFileType = sourcecode.swift; path = FirebaseAuthClient.swift; sourceTree = "<group>"; };
		7A81F3FF26EF413E00467DA0 /* FirebaseAuthClientError.swift */ = {isa = PBXFileReference; lastKnownFileType = sourcecode.swift; path = FirebaseAuthClientError.swift; sourceTree = "<group>"; };
/* End PBXFileReference section */

/* Begin PBXFrameworksBuildPhase section */
		7A25FFCF26D3D7E5009837AA /* Frameworks */ = {
			isa = PBXFrameworksBuildPhase;
			buildActionMask = 2147483647;
			files = (
				7A81F3F926ECE80E00467DA0 /* FirebaseDatabase in Frameworks */,
				7A81F3F326ECE80E00467DA0 /* FirebaseCrashlytics in Frameworks */,
				7A81F3F126ECE80E00467DA0 /* FirebaseAnalytics in Frameworks */,
				7A81F3F526ECE80E00467DA0 /* FirebaseAuth in Frameworks */,
				7A81F3F726ECE80E00467DA0 /* FirebaseDynamicLinks in Frameworks */,
				7A81F3FC26ECE82A00467DA0 /* GoogleSignIn in Frameworks */,
			);
			runOnlyForDeploymentPostprocessing = 0;
		};
/* End PBXFrameworksBuildPhase section */

/* Begin PBXGroup section */
		7A16455326D8F3A5008CFC04 /* Representable */ = {
			isa = PBXGroup;
			children = (
				7A25FFFE26D3E622009837AA /* SingInWithAppleButton.swift */,
				7A25000026D3E62E009837AA /* SignInWithGoogleButton.swift */,
				7A41E86526E04B470060DD78 /* CalendarView.swift */,
			);
			path = Representable;
			sourceTree = "<group>";
		};
		7A25FFC926D3D7E5009837AA = {
			isa = PBXGroup;
			children = (
				7A25001026D3F193009837AA /* Oboegaki-iOS.entitlements */,
				7A25FFD426D3D7E5009837AA /* Source */,
				7A25FFD326D3D7E5009837AA /* Products */,
			);
			sourceTree = "<group>";
		};
		7A25FFD326D3D7E5009837AA /* Products */ = {
			isa = PBXGroup;
			children = (
				7A25FFD226D3D7E5009837AA /* Oboegaki-iOS.app */,
			);
			name = Products;
			sourceTree = "<group>";
		};
		7A25FFD426D3D7E5009837AA /* Source */ = {
			isa = PBXGroup;
			children = (
				7A25FFD526D3D7E5009837AA /* Oboegaki_iOSApp.swift */,
				7A25FFE426D3DEDD009837AA /* API */,
				7A25FFE526D3DEE9009837AA /* Protocol */,
				7A25FFE626D3DEF4009837AA /* Extension */,
				7A16455326D8F3A5008CFC04 /* Representable */,
				7A25FFE726D3DF00009837AA /* Components */,
				7A25FFE826D3DF09009837AA /* Model */,
				7A25FFE926D3DF12009837AA /* View */,
				7A25FFEA26D3DF19009837AA /* ViewModel */,
				7A25FFEB26D3DF23009837AA /* Supportings */,
				7A25FFDB26D3D7E6009837AA /* Preview Content */,
			);
			path = Source;
			sourceTree = "<group>";
		};
		7A25FFDB26D3D7E6009837AA /* Preview Content */ = {
			isa = PBXGroup;
			children = (
				7A25FFDC26D3D7E6009837AA /* Preview Assets.xcassets */,
			);
			path = "Preview Content";
			sourceTree = "<group>";
		};
		7A25FFE426D3DEDD009837AA /* API */ = {
			isa = PBXGroup;
			children = (
				7A40006926EF9E7100900B1E /* UserDefaultsClient */,
				7A81F40326EF627900467DA0 /* FirebaseRDBClient */,
				7A81F40426EF629A00467DA0 /* FirebaseAuthClient */,
			);
			path = API;
			sourceTree = "<group>";
		};
		7A25FFE526D3DEE9009837AA /* Protocol */ = {
			isa = PBXGroup;
			children = (
				7A25FFEC26D3E538009837AA /* ViewModelObject.swift */,
			);
			path = Protocol;
			sourceTree = "<group>";
		};
		7A25FFE626D3DEF4009837AA /* Extension */ = {
			isa = PBXGroup;
			children = (
			);
			path = Extension;
			sourceTree = "<group>";
		};
		7A25FFE726D3DF00009837AA /* Components */ = {
			isa = PBXGroup;
			children = (
				7A16455126D8F29F008CFC04 /* TermsOfServiceView.swift */,
				7A3DEDBF26E2FFD900E7C0B9 /* PrivacyPolicyView.swift */,
			);
			path = Components;
			sourceTree = "<group>";
		};
		7A25FFE826D3DF09009837AA /* Model */ = {
			isa = PBXGroup;
			children = (
				7A208C9326E6F7A1004F1B5B /* FirebaseDataResponse.swift */,
			);
			path = Model;
			sourceTree = "<group>";
		};
		7A25FFE926D3DF12009837AA /* View */ = {
			isa = PBXGroup;
			children = (
				7A25FFD726D3D7E5009837AA /* StartupView.swift */,
				7A25FFEE26D3E5A5009837AA /* LoginView.swift */,
				7A25FFF226D3E5D7009837AA /* HomeView.swift */,
				7A3DEDD726E4F82E00E7C0B9 /* CreateToDoView.swift */,
				7A3DEDCF26E32BE300E7C0B9 /* SettingView.swift */,
				7A3DEDD326E3A2CA00E7C0B9 /* TabBarView.swift */,
				7A25FFF426D3E5E7009837AA /* LoadingView.swift */,
			);
			path = View;
			sourceTree = "<group>";
		};
		7A25FFEA26D3DF19009837AA /* ViewModel */ = {
			isa = PBXGroup;
			children = (
				7A25FFF626D3E5F3009837AA /* StartupViewModel.swift */,
				7A25FFF826D3E5FC009837AA /* LoginViewModel.swift */,
				7A25FFFC26D3E60F009837AA /* HomeViewModel.swift */,
				7A3DEDD926E4F86D00E7C0B9 /* CreateToDoViewModel.swift */,
				7A3DEDD126E32BF000E7C0B9 /* SettingViewModel.swift */,
			);
			path = ViewModel;
			sourceTree = "<group>";
		};
		7A25FFEB26D3DF23009837AA /* Supportings */ = {
			isa = PBXGroup;
			children = (
				7A25000C26D3EC6C009837AA /* GoogleService-Info.plist */,
				7A25FFDE26D3D7E6009837AA /* Info.plist */,
				7A25FFD926D3D7E6009837AA /* Assets.xcassets */,
			);
			path = Supportings;
			sourceTree = "<group>";
		};
		7A40006926EF9E7100900B1E /* UserDefaultsClient */ = {
			isa = PBXGroup;
			children = (
				7A40006A26EF9E8C00900B1E /* UserDefaultsClient.swift */,
			);
			path = UserDefaultsClient;
			sourceTree = "<group>";
		};
		7A81F40326EF627900467DA0 /* FirebaseRDBClient */ = {
			isa = PBXGroup;
			children = (
				7A208C8F26E6F750004F1B5B /* FirebaseRDBClientError.swift */,
				7A208C9126E6F775004F1B5B /* FirebaseRDBClient.swift */,
			);
			path = FirebaseRDBClient;
			sourceTree = "<group>";
		};
		7A81F40426EF629A00467DA0 /* FirebaseAuthClient */ = {
			isa = PBXGroup;
			children = (
				7A81F3FF26EF413E00467DA0 /* FirebaseAuthClientError.swift */,
				7A81F3FD26EF412E00467DA0 /* FirebaseAuthClient.swift */,
			);
			path = FirebaseAuthClient;
			sourceTree = "<group>";
		};
/* End PBXGroup section */

/* Begin PBXNativeTarget section */
		7A25FFD126D3D7E5009837AA /* Oboegaki-iOS */ = {
			isa = PBXNativeTarget;
			buildConfigurationList = 7A25FFE126D3D7E6009837AA /* Build configuration list for PBXNativeTarget "Oboegaki-iOS" */;
			buildPhases = (
				7A25FFCE26D3D7E5009837AA /* Sources */,
				7A25FFCF26D3D7E5009837AA /* Frameworks */,
				7A25FFD026D3D7E5009837AA /* Resources */,
			);
			buildRules = (
			);
			dependencies = (
			);
			name = "Oboegaki-iOS";
			packageProductDependencies = (
				7A81F3F026ECE80E00467DA0 /* FirebaseAnalytics */,
				7A81F3F226ECE80E00467DA0 /* FirebaseCrashlytics */,
				7A81F3F426ECE80E00467DA0 /* FirebaseAuth */,
				7A81F3F626ECE80E00467DA0 /* FirebaseDynamicLinks */,
				7A81F3F826ECE80E00467DA0 /* FirebaseDatabase */,
				7A81F3FB26ECE82A00467DA0 /* GoogleSignIn */,
			);
			productName = "Oboegaki-iOS";
			productReference = 7A25FFD226D3D7E5009837AA /* Oboegaki-iOS.app */;
			productType = "com.apple.product-type.application";
		};
/* End PBXNativeTarget section */

/* Begin PBXProject section */
		7A25FFCA26D3D7E5009837AA /* Project object */ = {
			isa = PBXProject;
			attributes = {
				LastSwiftUpdateCheck = 1250;
				LastUpgradeCheck = 1250;
				TargetAttributes = {
					7A25FFD126D3D7E5009837AA = {
						CreatedOnToolsVersion = 12.5;
					};
				};
			};
			buildConfigurationList = 7A25FFCD26D3D7E5009837AA /* Build configuration list for PBXProject "Oboegaki-iOS" */;
			compatibilityVersion = "Xcode 9.3";
			developmentRegion = en;
			hasScannedForEncodings = 0;
			knownRegions = (
				en,
				Base,
				ja,
			);
			mainGroup = 7A25FFC926D3D7E5009837AA;
			packageReferences = (
				7A81F3EF26ECE80E00467DA0 /* XCRemoteSwiftPackageReference "firebase-ios-sdk" */,
				7A81F3FA26ECE82A00467DA0 /* XCRemoteSwiftPackageReference "GoogleSignIn-iOS" */,
			);
			productRefGroup = 7A25FFD326D3D7E5009837AA /* Products */;
			projectDirPath = "";
			projectRoot = "";
			targets = (
				7A25FFD126D3D7E5009837AA /* Oboegaki-iOS */,
			);
		};
/* End PBXProject section */

/* Begin PBXResourcesBuildPhase section */
		7A25FFD026D3D7E5009837AA /* Resources */ = {
			isa = PBXResourcesBuildPhase;
			buildActionMask = 2147483647;
			files = (
				7A25FFDD26D3D7E6009837AA /* Preview Assets.xcassets in Resources */,
				7A25FFDA26D3D7E6009837AA /* Assets.xcassets in Resources */,
				7A25000D26D3EC6C009837AA /* GoogleService-Info.plist in Resources */,
			);
			runOnlyForDeploymentPostprocessing = 0;
		};
/* End PBXResourcesBuildPhase section */

/* Begin PBXSourcesBuildPhase section */
		7A25FFCE26D3D7E5009837AA /* Sources */ = {
			isa = PBXSourcesBuildPhase;
			buildActionMask = 2147483647;
			files = (
				7A3DEDDA26E4F86D00E7C0B9 /* CreateToDoViewModel.swift in Sources */,
				7A208C9226E6F775004F1B5B /* FirebaseRDBClient.swift in Sources */,
				7A81F3FE26EF412E00467DA0 /* FirebaseAuthClient.swift in Sources */,
				7A3DEDD426E3A2CA00E7C0B9 /* TabBarView.swift in Sources */,
				7A25FFFD26D3E60F009837AA /* HomeViewModel.swift in Sources */,
				7A25FFF726D3E5F3009837AA /* StartupViewModel.swift in Sources */,
				7A81F40026EF413E00467DA0 /* FirebaseAuthClientError.swift in Sources */,
				7A3DEDC026E2FFD900E7C0B9 /* PrivacyPolicyView.swift in Sources */,
				7A25FFED26D3E538009837AA /* ViewModelObject.swift in Sources */,
				7A25FFFF26D3E622009837AA /* SingInWithAppleButton.swift in Sources */,
				7A25FFF926D3E5FC009837AA /* LoginViewModel.swift in Sources */,
				7A3DEDD026E32BE300E7C0B9 /* SettingView.swift in Sources */,
				7A25000126D3E62E009837AA /* SignInWithGoogleButton.swift in Sources */,
				7A41E86626E04B470060DD78 /* CalendarView.swift in Sources */,
				7A3DEDD826E4F82E00E7C0B9 /* CreateToDoView.swift in Sources */,
				7A25FFD826D3D7E5009837AA /* StartupView.swift in Sources */,
				7A25FFF326D3E5D7009837AA /* HomeView.swift in Sources */,
				7A3DEDD226E32BF000E7C0B9 /* SettingViewModel.swift in Sources */,
				7A208C9026E6F750004F1B5B /* FirebaseRDBClientError.swift in Sources */,
				7A25FFD626D3D7E5009837AA /* Oboegaki_iOSApp.swift in Sources */,
				7A25FFF526D3E5E7009837AA /* LoadingView.swift in Sources */,
				7A25FFEF26D3E5A5009837AA /* LoginView.swift in Sources */,
				7A208C9426E6F7A1004F1B5B /* FirebaseDataResponse.swift in Sources */,
				7A16455226D8F29F008CFC04 /* TermsOfServiceView.swift in Sources */,
				7A40006B26EF9E8C00900B1E /* UserDefaultsClient.swift in Sources */,
			);
			runOnlyForDeploymentPostprocessing = 0;
		};
/* End PBXSourcesBuildPhase section */

/* Begin XCBuildConfiguration section */
		7A25FFDF26D3D7E6009837AA /* Debug */ = {
			isa = XCBuildConfiguration;
			buildSettings = {
				ALWAYS_SEARCH_USER_PATHS = NO;
				CLANG_ANALYZER_NONNULL = YES;
				CLANG_ANALYZER_NUMBER_OBJECT_CONVERSION = YES_AGGRESSIVE;
				CLANG_CXX_LANGUAGE_STANDARD = "gnu++14";
				CLANG_CXX_LIBRARY = "libc++";
				CLANG_ENABLE_MODULES = YES;
				CLANG_ENABLE_OBJC_ARC = YES;
				CLANG_ENABLE_OBJC_WEAK = YES;
				CLANG_WARN_BLOCK_CAPTURE_AUTORELEASING = YES;
				CLANG_WARN_BOOL_CONVERSION = YES;
				CLANG_WARN_COMMA = YES;
				CLANG_WARN_CONSTANT_CONVERSION = YES;
				CLANG_WARN_DEPRECATED_OBJC_IMPLEMENTATIONS = YES;
				CLANG_WARN_DIRECT_OBJC_ISA_USAGE = YES_ERROR;
				CLANG_WARN_DOCUMENTATION_COMMENTS = YES;
				CLANG_WARN_EMPTY_BODY = YES;
				CLANG_WARN_ENUM_CONVERSION = YES;
				CLANG_WARN_INFINITE_RECURSION = YES;
				CLANG_WARN_INT_CONVERSION = YES;
				CLANG_WARN_NON_LITERAL_NULL_CONVERSION = YES;
				CLANG_WARN_OBJC_IMPLICIT_RETAIN_SELF = YES;
				CLANG_WARN_OBJC_LITERAL_CONVERSION = YES;
				CLANG_WARN_OBJC_ROOT_CLASS = YES_ERROR;
				CLANG_WARN_QUOTED_INCLUDE_IN_FRAMEWORK_HEADER = YES;
				CLANG_WARN_RANGE_LOOP_ANALYSIS = YES;
				CLANG_WARN_STRICT_PROTOTYPES = YES;
				CLANG_WARN_SUSPICIOUS_MOVE = YES;
				CLANG_WARN_UNGUARDED_AVAILABILITY = YES_AGGRESSIVE;
				CLANG_WARN_UNREACHABLE_CODE = YES;
				CLANG_WARN__DUPLICATE_METHOD_MATCH = YES;
				COPY_PHASE_STRIP = NO;
				DEBUG_INFORMATION_FORMAT = dwarf;
				ENABLE_STRICT_OBJC_MSGSEND = YES;
				ENABLE_TESTABILITY = YES;
				GCC_C_LANGUAGE_STANDARD = gnu11;
				GCC_DYNAMIC_NO_PIC = NO;
				GCC_NO_COMMON_BLOCKS = YES;
				GCC_OPTIMIZATION_LEVEL = 0;
				GCC_PREPROCESSOR_DEFINITIONS = (
					"DEBUG=1",
					"$(inherited)",
				);
				GCC_WARN_64_TO_32_BIT_CONVERSION = YES;
				GCC_WARN_ABOUT_RETURN_TYPE = YES_ERROR;
				GCC_WARN_UNDECLARED_SELECTOR = YES;
				GCC_WARN_UNINITIALIZED_AUTOS = YES_AGGRESSIVE;
				GCC_WARN_UNUSED_FUNCTION = YES;
				GCC_WARN_UNUSED_VARIABLE = YES;
				IPHONEOS_DEPLOYMENT_TARGET = 14.5;
				MTL_ENABLE_DEBUG_INFO = INCLUDE_SOURCE;
				MTL_FAST_MATH = YES;
				ONLY_ACTIVE_ARCH = YES;
				SDKROOT = iphoneos;
				SWIFT_ACTIVE_COMPILATION_CONDITIONS = DEBUG;
				SWIFT_OPTIMIZATION_LEVEL = "-Onone";
			};
			name = Debug;
		};
		7A25FFE026D3D7E6009837AA /* Release */ = {
			isa = XCBuildConfiguration;
			buildSettings = {
				ALWAYS_SEARCH_USER_PATHS = NO;
				CLANG_ANALYZER_NONNULL = YES;
				CLANG_ANALYZER_NUMBER_OBJECT_CONVERSION = YES_AGGRESSIVE;
				CLANG_CXX_LANGUAGE_STANDARD = "gnu++14";
				CLANG_CXX_LIBRARY = "libc++";
				CLANG_ENABLE_MODULES = YES;
				CLANG_ENABLE_OBJC_ARC = YES;
				CLANG_ENABLE_OBJC_WEAK = YES;
				CLANG_WARN_BLOCK_CAPTURE_AUTORELEASING = YES;
				CLANG_WARN_BOOL_CONVERSION = YES;
				CLANG_WARN_COMMA = YES;
				CLANG_WARN_CONSTANT_CONVERSION = YES;
				CLANG_WARN_DEPRECATED_OBJC_IMPLEMENTATIONS = YES;
				CLANG_WARN_DIRECT_OBJC_ISA_USAGE = YES_ERROR;
				CLANG_WARN_DOCUMENTATION_COMMENTS = YES;
				CLANG_WARN_EMPTY_BODY = YES;
				CLANG_WARN_ENUM_CONVERSION = YES;
				CLANG_WARN_INFINITE_RECURSION = YES;
				CLANG_WARN_INT_CONVERSION = YES;
				CLANG_WARN_NON_LITERAL_NULL_CONVERSION = YES;
				CLANG_WARN_OBJC_IMPLICIT_RETAIN_SELF = YES;
				CLANG_WARN_OBJC_LITERAL_CONVERSION = YES;
				CLANG_WARN_OBJC_ROOT_CLASS = YES_ERROR;
				CLANG_WARN_QUOTED_INCLUDE_IN_FRAMEWORK_HEADER = YES;
				CLANG_WARN_RANGE_LOOP_ANALYSIS = YES;
				CLANG_WARN_STRICT_PROTOTYPES = YES;
				CLANG_WARN_SUSPICIOUS_MOVE = YES;
				CLANG_WARN_UNGUARDED_AVAILABILITY = YES_AGGRESSIVE;
				CLANG_WARN_UNREACHABLE_CODE = YES;
				CLANG_WARN__DUPLICATE_METHOD_MATCH = YES;
				COPY_PHASE_STRIP = NO;
				DEBUG_INFORMATION_FORMAT = "dwarf-with-dsym";
				ENABLE_NS_ASSERTIONS = NO;
				ENABLE_STRICT_OBJC_MSGSEND = YES;
				GCC_C_LANGUAGE_STANDARD = gnu11;
				GCC_NO_COMMON_BLOCKS = YES;
				GCC_WARN_64_TO_32_BIT_CONVERSION = YES;
				GCC_WARN_ABOUT_RETURN_TYPE = YES_ERROR;
				GCC_WARN_UNDECLARED_SELECTOR = YES;
				GCC_WARN_UNINITIALIZED_AUTOS = YES_AGGRESSIVE;
				GCC_WARN_UNUSED_FUNCTION = YES;
				GCC_WARN_UNUSED_VARIABLE = YES;
				IPHONEOS_DEPLOYMENT_TARGET = 14.5;
				MTL_ENABLE_DEBUG_INFO = NO;
				MTL_FAST_MATH = YES;
				SDKROOT = iphoneos;
				SWIFT_COMPILATION_MODE = wholemodule;
				SWIFT_OPTIMIZATION_LEVEL = "-O";
				VALIDATE_PRODUCT = YES;
			};
			name = Release;
		};
		7A25FFE226D3D7E6009837AA /* Debug */ = {
			isa = XCBuildConfiguration;
			buildSettings = {
				ASSETCATALOG_COMPILER_APPICON_NAME = AppIcon;
				ASSETCATALOG_COMPILER_GLOBAL_ACCENT_COLOR_NAME = AccentColor;
				CODE_SIGN_ENTITLEMENTS = "Oboegaki-iOS.entitlements";
				CODE_SIGN_STYLE = Automatic;
				DEVELOPMENT_ASSET_PATHS = "Source/Preview\\ Content";
				ENABLE_PREVIEWS = YES;
				INFOPLIST_FILE = "$(SRCROOT)/Source/Supportings/Info.plist";
				IPHONEOS_DEPLOYMENT_TARGET = 14.0;
				LD_RUNPATH_SEARCH_PATHS = (
					"$(inherited)",
					"@executable_path/Frameworks",
				);
				PRODUCT_BUNDLE_IDENTIFIER = "s.shogo.dev-gmail.com.Oboegaki-iOS";
				PRODUCT_NAME = "$(TARGET_NAME)";
				SWIFT_VERSION = 5.0;
				TARGETED_DEVICE_FAMILY = "1,2";
			};
			name = Debug;
		};
		7A25FFE326D3D7E6009837AA /* Release */ = {
			isa = XCBuildConfiguration;
			buildSettings = {
				ASSETCATALOG_COMPILER_APPICON_NAME = AppIcon;
				ASSETCATALOG_COMPILER_GLOBAL_ACCENT_COLOR_NAME = AccentColor;
				CODE_SIGN_ENTITLEMENTS = "Oboegaki-iOS.entitlements";
				CODE_SIGN_STYLE = Automatic;
				DEVELOPMENT_ASSET_PATHS = "Source/Preview\\ Content";
				ENABLE_PREVIEWS = YES;
				INFOPLIST_FILE = "$(SRCROOT)/Source/Supportings/Info.plist";
				IPHONEOS_DEPLOYMENT_TARGET = 14.0;
				LD_RUNPATH_SEARCH_PATHS = (
					"$(inherited)",
					"@executable_path/Frameworks",
				);
				PRODUCT_BUNDLE_IDENTIFIER = "s.shogo.dev-gmail.com.Oboegaki-iOS";
				PRODUCT_NAME = "$(TARGET_NAME)";
				SWIFT_VERSION = 5.0;
				TARGETED_DEVICE_FAMILY = "1,2";
			};
			name = Release;
		};
/* End XCBuildConfiguration section */

/* Begin XCConfigurationList section */
		7A25FFCD26D3D7E5009837AA /* Build configuration list for PBXProject "Oboegaki-iOS" */ = {
			isa = XCConfigurationList;
			buildConfigurations = (
				7A25FFDF26D3D7E6009837AA /* Debug */,
				7A25FFE026D3D7E6009837AA /* Release */,
			);
			defaultConfigurationIsVisible = 0;
			defaultConfigurationName = Release;
		};
		7A25FFE126D3D7E6009837AA /* Build configuration list for PBXNativeTarget "Oboegaki-iOS" */ = {
			isa = XCConfigurationList;
			buildConfigurations = (
				7A25FFE226D3D7E6009837AA /* Debug */,
				7A25FFE326D3D7E6009837AA /* Release */,
			);
			defaultConfigurationIsVisible = 0;
			defaultConfigurationName = Release;
		};
/* End XCConfigurationList section */

/* Begin XCRemoteSwiftPackageReference section */
		7A81F3EF26ECE80E00467DA0 /* XCRemoteSwiftPackageReference "firebase-ios-sdk" */ = {
			isa = XCRemoteSwiftPackageReference;
			repositoryURL = "https://github.com/firebase/firebase-ios-sdk.git";
			requirement = {
				kind = upToNextMajorVersion;
				minimumVersion = 8.7.0;
			};
		};
		7A81F3FA26ECE82A00467DA0 /* XCRemoteSwiftPackageReference "GoogleSignIn-iOS" */ = {
			isa = XCRemoteSwiftPackageReference;
			repositoryURL = "https://github.com/google/GoogleSignIn-iOS.git";
			requirement = {
				kind = upToNextMajorVersion;
				minimumVersion = 6.0.2;
			};
		};
/* End XCRemoteSwiftPackageReference section */

/* Begin XCSwiftPackageProductDependency section */
		7A81F3F026ECE80E00467DA0 /* FirebaseAnalytics */ = {
			isa = XCSwiftPackageProductDependency;
			package = 7A81F3EF26ECE80E00467DA0 /* XCRemoteSwiftPackageReference "firebase-ios-sdk" */;
			productName = FirebaseAnalytics;
		};
		7A81F3F226ECE80E00467DA0 /* FirebaseCrashlytics */ = {
			isa = XCSwiftPackageProductDependency;
			package = 7A81F3EF26ECE80E00467DA0 /* XCRemoteSwiftPackageReference "firebase-ios-sdk" */;
			productName = FirebaseCrashlytics;
		};
		7A81F3F426ECE80E00467DA0 /* FirebaseAuth */ = {
			isa = XCSwiftPackageProductDependency;
			package = 7A81F3EF26ECE80E00467DA0 /* XCRemoteSwiftPackageReference "firebase-ios-sdk" */;
			productName = FirebaseAuth;
		};
		7A81F3F626ECE80E00467DA0 /* FirebaseDynamicLinks */ = {
			isa = XCSwiftPackageProductDependency;
			package = 7A81F3EF26ECE80E00467DA0 /* XCRemoteSwiftPackageReference "firebase-ios-sdk" */;
			productName = FirebaseDynamicLinks;
		};
		7A81F3F826ECE80E00467DA0 /* FirebaseDatabase */ = {
			isa = XCSwiftPackageProductDependency;
			package = 7A81F3EF26ECE80E00467DA0 /* XCRemoteSwiftPackageReference "firebase-ios-sdk" */;
			productName = FirebaseDatabase;
		};
		7A81F3FB26ECE82A00467DA0 /* GoogleSignIn */ = {
			isa = XCSwiftPackageProductDependency;
			package = 7A81F3FA26ECE82A00467DA0 /* XCRemoteSwiftPackageReference "GoogleSignIn-iOS" */;
			productName = GoogleSignIn;
		};
/* End XCSwiftPackageProductDependency section */
	};
	rootObject = 7A25FFCA26D3D7E5009837AA /* Project object */;
}
